
Microsoft Visual Studio Solution File, Format Version 12.00
# Visual Studio Version 17
VisualStudioVersion = 17.0.31903.59
MinimumVisualStudioVersion = 10.0.40219.1
Project("{FAE04EC0-301F-11D3-BF4B-00C04F79EFBC}") = "helloworld", "src\helloworld.csproj", "{EDA1A78C-37BE-4237-AEF4-24999D0B70FB}"
EndProject
Project("{FAE04EC0-301F-11D3-BF4B-00C04F79EFBC}") = "helloworld.Tests", "tests\helloworld.Tests.csproj", "{95426B99-AE8E-4A65-A8CD-7EC4588D0AE9}"
EndProject
Global
	GlobalSection(SolutionConfigurationPlatforms) = preSolution
		Debug|Any CPU = Debug|Any CPU
		Release|Any CPU = Release|Any CPU
	EndGlobalSection
	GlobalSection(SolutionProperties) = preSolution
		HideSolutionNode = FALSE
	EndGlobalSection
	GlobalSection(ProjectConfigurationPlatforms) = postSolution
		{EDA1A78C-37BE-4237-AEF4-24999D0B70FB}.Debug|Any CPU.ActiveCfg = Debug|Any CPU
		{EDA1A78C-37BE-4237-AEF4-24999D0B70FB}.Debug|Any CPU.Build.0 = Debug|Any CPU
		{EDA1A78C-37BE-4237-AEF4-24999D0B70FB}.Release|Any CPU.ActiveCfg = Release|Any CPU
		{EDA1A78C-37BE-4237-AEF4-24999D0B70FB}.Release|Any CPU.Build.0 = Release|Any CPU
		{95426B99-AE8E-4A65-A8CD-7EC4588D0AE9}.Debug|Any CPU.ActiveCfg = Debug|Any CPU
		{95426B99-AE8E-4A65-A8CD-7EC4588D0AE9}.Debug|Any CPU.Build.0 = Debug|Any CPU
		{95426B99-AE8E-4A65-A8CD-7EC4588D0AE9}.Release|Any CPU.ActiveCfg = Release|Any CPU
		{95426B99-AE8E-4A65-A8CD-7EC4588D0AE9}.Release|Any CPU.Build.0 = Release|Any CPU
	EndGlobalSection
EndGlobal
